
Microsoft Visual Studio Solution File, Format Version 12.00
# Visual Studio Version 17
VisualStudioVersion = 17.9.34728.123
MinimumVisualStudioVersion = 10.0.40219.1
Project("{FAE04EC0-301F-11D3-BF4B-00C04F79EFBC}") = "Transactions", "ConsoleApp1\Transactions.csproj", "{CEFD6382-8C15-45C5-AAB7-C28B94AA1500}"
EndProject
Project("{FAE04EC0-301F-11D3-BF4B-00C04F79EFBC}") = "Transactions.Test", "Transactions.Test\Transactions.Test.csproj", "{EF13F0B5-D7EA-4429-8812-5EBB97D8A11A}"
EndProject
Global
	GlobalSection(SolutionConfigurationPlatforms) = preSolution
		Debug|Any CPU = Debug|Any CPU
		Release|Any CPU = Release|Any CPU
	EndGlobalSection
	GlobalSection(ProjectConfigurationPlatforms) = postSolution
		{CEFD6382-8C15-45C5-AAB7-C28B94AA1500}.Debug|Any CPU.ActiveCfg = Debug|Any CPU
		{CEFD6382-8C15-45C5-AAB7-C28B94AA1500}.Debug|Any CPU.Build.0 = Debug|Any CPU
		{CEFD6382-8C15-45C5-AAB7-C28B94AA1500}.Release|Any CPU.ActiveCfg = Release|Any CPU
		{CEFD6382-8C15-45C5-AAB7-C28B94AA1500}.Release|Any CPU.Build.0 = Release|Any CPU
		{EF13F0B5-D7EA-4429-8812-5EBB97D8A11A}.Debug|Any CPU.ActiveCfg = Debug|Any CPU
		{EF13F0B5-D7EA-4429-8812-5EBB97D8A11A}.Debug|Any CPU.Build.0 = Debug|Any CPU
		{EF13F0B5-D7EA-4429-8812-5EBB97D8A11A}.Release|Any CPU.ActiveCfg = Release|Any CPU
		{EF13F0B5-D7EA-4429-8812-5EBB97D8A11A}.Release|Any CPU.Build.0 = Release|Any CPU
	EndGlobalSection
	GlobalSection(SolutionProperties) = preSolution
		HideSolutionNode = FALSE
	EndGlobalSection
	GlobalSection(ExtensibilityGlobals) = postSolution
		SolutionGuid = {BBD4F31D-1D08-4928-9672-3B874CE0F7EA}
	EndGlobalSection
EndGlobal
